
Microsoft Visual Studio Solution File, Format Version 12.00
# Visual Studio Version 17
VisualStudioVersion = 17.5.33414.496
MinimumVisualStudioVersion = 10.0.40219.1
Project("{9A19103F-16F7-4668-BE54-9A1E7A4F7556}") = "OhpenApi", "OhpenApi\OhpenApi.csproj", "{9C217339-9441-4BD4-8E59-86E1A136C710}"
EndProject
Project("{FAE04EC0-301F-11D3-BF4B-00C04F79EFBC}") = "OhpenApi.Tests", "OhpenApi.Tests\OhpenApi.Tests.csproj", "{B74B73F0-3F13-49B2-BDD3-F84CE44E1A02}"
EndProject
Project("{FAE04EC0-301F-11D3-BF4B-00C04F79EFBC}") = "OhpenApi.Contracts", "OhpenApi.Contracts\OhpenApi.Contracts.csproj", "{CF721E09-5981-43B8-B8CF-20970E415F06}"
EndProject
Project("{FAE04EC0-301F-11D3-BF4B-00C04F79EFBC}") = "OhpenApi.Entities", "OhpenApi.Entities\OhpenApi.Entities.csproj", "{2C18173D-5996-48C9-BDE2-F818B0262E19}"
EndProject
Project("{2150E333-8FDC-42A3-9474-1A3956D46DE8}") = "Solution Items", "Solution Items", "{0420CEAF-894C-4FC2-8DB4-B7871D274E43}"
	ProjectSection(SolutionItems) = preProject
		OhpenApi\README.md = OhpenApi\README.md
	EndProjectSection
EndProject
Global
	GlobalSection(SolutionConfigurationPlatforms) = preSolution
		Debug|Any CPU = Debug|Any CPU
		Release|Any CPU = Release|Any CPU
	EndGlobalSection
	GlobalSection(ProjectConfigurationPlatforms) = postSolution
		{9C217339-9441-4BD4-8E59-86E1A136C710}.Debug|Any CPU.ActiveCfg = Debug|Any CPU
		{9C217339-9441-4BD4-8E59-86E1A136C710}.Debug|Any CPU.Build.0 = Debug|Any CPU
		{9C217339-9441-4BD4-8E59-86E1A136C710}.Release|Any CPU.ActiveCfg = Release|Any CPU
		{9C217339-9441-4BD4-8E59-86E1A136C710}.Release|Any CPU.Build.0 = Release|Any CPU
		{B74B73F0-3F13-49B2-BDD3-F84CE44E1A02}.Debug|Any CPU.ActiveCfg = Debug|Any CPU
		{B74B73F0-3F13-49B2-BDD3-F84CE44E1A02}.Debug|Any CPU.Build.0 = Debug|Any CPU
		{B74B73F0-3F13-49B2-BDD3-F84CE44E1A02}.Release|Any CPU.ActiveCfg = Release|Any CPU
		{B74B73F0-3F13-49B2-BDD3-F84CE44E1A02}.Release|Any CPU.Build.0 = Release|Any CPU
		{CF721E09-5981-43B8-B8CF-20970E415F06}.Debug|Any CPU.ActiveCfg = Debug|Any CPU
		{CF721E09-5981-43B8-B8CF-20970E415F06}.Debug|Any CPU.Build.0 = Debug|Any CPU
		{CF721E09-5981-43B8-B8CF-20970E415F06}.Release|Any CPU.ActiveCfg = Release|Any CPU
		{CF721E09-5981-43B8-B8CF-20970E415F06}.Release|Any CPU.Build.0 = Release|Any CPU
		{2C18173D-5996-48C9-BDE2-F818B0262E19}.Debug|Any CPU.ActiveCfg = Debug|Any CPU
		{2C18173D-5996-48C9-BDE2-F818B0262E19}.Debug|Any CPU.Build.0 = Debug|Any CPU
		{2C18173D-5996-48C9-BDE2-F818B0262E19}.Release|Any CPU.ActiveCfg = Release|Any CPU
		{2C18173D-5996-48C9-BDE2-F818B0262E19}.Release|Any CPU.Build.0 = Release|Any CPU
	EndGlobalSection
	GlobalSection(SolutionProperties) = preSolution
		HideSolutionNode = FALSE
	EndGlobalSection
	GlobalSection(ExtensibilityGlobals) = postSolution
		SolutionGuid = {3DAC9782-648F-4734-BC6B-4094F927AB36}
	EndGlobalSection
EndGlobal
